
Microsoft Visual Studio Solution File, Format Version 12.00
# Visual Studio Version 17
VisualStudioVersion = 17.2.32630.192
MinimumVisualStudioVersion = 10.0.40219.1
Project("{FAE04EC0-301F-11D3-BF4B-00C04F79EFBC}") = "TestProject", "TestProject\TestProject.csproj", "{BF73A90A-CBEC-4C38-B8E9-4E4D189D1641}"
EndProject
Global
	GlobalSection(SolutionConfigurationPlatforms) = preSolution
		Debug|Any CPU = Debug|Any CPU
		Release|Any CPU = Release|Any CPU
	EndGlobalSection
	GlobalSection(ProjectConfigurationPlatforms) = postSolution
		{BF73A90A-CBEC-4C38-B8E9-4E4D189D1641}.Debug|Any CPU.ActiveCfg = Debug|Any CPU
		{BF73A90A-CBEC-4C38-B8E9-4E4D189D1641}.Debug|Any CPU.Build.0 = Debug|Any CPU
		{BF73A90A-CBEC-4C38-B8E9-4E4D189D1641}.Release|Any CPU.ActiveCfg = Release|Any CPU
		{BF73A90A-CBEC-4C38-B8E9-4E4D189D1641}.Release|Any CPU.Build.0 = Release|Any CPU
	EndGlobalSection
	GlobalSection(SolutionProperties) = preSolution
		HideSolutionNode = FALSE
	EndGlobalSection
	GlobalSection(ExtensibilityGlobals) = postSolution
		SolutionGuid = {E62BA4CD-7F21-460F-988E-37E77E0D171F}
	EndGlobalSection
EndGlobal
